
Microsoft Visual Studio Solution File, Format Version 12.00
# Visual Studio Version 17
VisualStudioVersion = 17.13.35931.197
MinimumVisualStudioVersion = 10.0.40219.1
Project("{2150E333-8FDC-42A3-9474-1A3956D46DE8}") = "Application", "Application", "{02EA681E-C7D8-13C7-8484-4AC65E1B71E8}"
EndProject
Project("{FAE04EC0-301F-11D3-BF4B-00C04F79EFBC}") = "OnlineShop.Application", "OnlineShop.Application\OnlineShop.Application.csproj", "{035DE395-E6A4-4769-8FF3-E507039B8E16}"
EndProject
Project("{2150E333-8FDC-42A3-9474-1A3956D46DE8}") = "Domain", "Domain", "{E00E902B-99A5-4558-AD91-7EA2EC532C0D}"
EndProject
Project("{FAE04EC0-301F-11D3-BF4B-00C04F79EFBC}") = "OnlineShop.Domain", "OnlineShop.Domain\OnlineShop.Domain.csproj", "{7BBBE4C8-804A-4942-8F32-B0EB3E755833}"
EndProject
Project("{2150E333-8FDC-42A3-9474-1A3956D46DE8}") = "Infra.Data", "Infra.Data", "{5773F019-B056-44DB-B816-F0544E8F93B4}"
EndProject
Project("{FAE04EC0-301F-11D3-BF4B-00C04F79EFBC}") = "OnlineShop.Data", "OnlineShop.Data\OnlineShop.Data.csproj", "{EA03233A-0EA9-43D8-8D02-45AAB9862A93}"
EndProject
Project("{2150E333-8FDC-42A3-9474-1A3956D46DE8}") = "Infra.Ioc", "Infra.Ioc", "{DA179BDF-A259-4C2A-8579-969DB032EEA8}"
EndProject
Project("{FAE04EC0-301F-11D3-BF4B-00C04F79EFBC}") = "OnlineShop.Ioc", "OnlineShop.Ioc\OnlineShop.Ioc.csproj", "{A1F7C77F-4428-4101-BF11-D42F55D3806C}"
EndProject
Project("{2150E333-8FDC-42A3-9474-1A3956D46DE8}") = "Presentation", "Presentation", "{080D3B78-AFE2-4611-8892-5A3EC1F752FF}"
EndProject
Project("{FAE04EC0-301F-11D3-BF4B-00C04F79EFBC}") = "onlineShop.Presentation", "onlineShop.Presentation\onlineShop.Presentation.csproj", "{25D8063A-0A22-459F-AD34-91B343CD9EAC}"
EndProject
Project("{2150E333-8FDC-42A3-9474-1A3956D46DE8}") = "DTOs", "DTOs", "{059E3ED1-4AF6-4A91-9217-7635A2BA6ADD}"
EndProject
Project("{2150E333-8FDC-42A3-9474-1A3956D46DE8}") = "Services", "Services", "{EF66DB76-D795-4F61-BEDE-D63EA0A21150}"
EndProject
Project("{2150E333-8FDC-42A3-9474-1A3956D46DE8}") = "Utilities", "Utilities", "{5FB3C3D0-DB27-40AC-B732-E3872273367E}"
EndProject
Project("{2150E333-8FDC-42A3-9474-1A3956D46DE8}") = "AppDBContext", "AppDBContext", "{7CCB6289-5CE4-4443-9211-699EA43F47EB}"
EndProject
Project("{2150E333-8FDC-42A3-9474-1A3956D46DE8}") = "Repositories", "Repositories", "{E558CD84-3460-404D-8BFC-064E60D86E62}"
EndProject
Project("{2150E333-8FDC-42A3-9474-1A3956D46DE8}") = "IRepositories", "IRepositories", "{DF22CB46-215E-4919-9FD4-9D78EAFE20ED}"
EndProject
Project("{2150E333-8FDC-42A3-9474-1A3956D46DE8}") = "Enums", "Enums", "{CBF7C264-096B-43A1-B0DA-41BF19C94F87}"
EndProject
Project("{2150E333-8FDC-42A3-9474-1A3956D46DE8}") = "ValueObjects", "ValueObjects", "{572C07C4-3170-4EE8-ABD3-B52421F1C5B7}"
EndProject
Project("{2150E333-8FDC-42A3-9474-1A3956D46DE8}") = "Entities", "Entities", "{0F80982A-FEEA-4DA7-BB39-776C5F28A4F2}"
EndProject
Global
	GlobalSection(SolutionConfigurationPlatforms) = preSolution
		Debug|Any CPU = Debug|Any CPU
		Release|Any CPU = Release|Any CPU
	EndGlobalSection
	GlobalSection(ProjectConfigurationPlatforms) = postSolution
		{035DE395-E6A4-4769-8FF3-E507039B8E16}.Debug|Any CPU.ActiveCfg = Debug|Any CPU
		{035DE395-E6A4-4769-8FF3-E507039B8E16}.Debug|Any CPU.Build.0 = Debug|Any CPU
		{035DE395-E6A4-4769-8FF3-E507039B8E16}.Release|Any CPU.ActiveCfg = Release|Any CPU
		{035DE395-E6A4-4769-8FF3-E507039B8E16}.Release|Any CPU.Build.0 = Release|Any CPU
		{7BBBE4C8-804A-4942-8F32-B0EB3E755833}.Debug|Any CPU.ActiveCfg = Debug|Any CPU
		{7BBBE4C8-804A-4942-8F32-B0EB3E755833}.Debug|Any CPU.Build.0 = Debug|Any CPU
		{7BBBE4C8-804A-4942-8F32-B0EB3E755833}.Release|Any CPU.ActiveCfg = Release|Any CPU
		{7BBBE4C8-804A-4942-8F32-B0EB3E755833}.Release|Any CPU.Build.0 = Release|Any CPU
		{EA03233A-0EA9-43D8-8D02-45AAB9862A93}.Debug|Any CPU.ActiveCfg = Debug|Any CPU
		{EA03233A-0EA9-43D8-8D02-45AAB9862A93}.Debug|Any CPU.Build.0 = Debug|Any CPU
		{EA03233A-0EA9-43D8-8D02-45AAB9862A93}.Release|Any CPU.ActiveCfg = Release|Any CPU
		{EA03233A-0EA9-43D8-8D02-45AAB9862A93}.Release|Any CPU.Build.0 = Release|Any CPU
		{A1F7C77F-4428-4101-BF11-D42F55D3806C}.Debug|Any CPU.ActiveCfg = Debug|Any CPU
		{A1F7C77F-4428-4101-BF11-D42F55D3806C}.Debug|Any CPU.Build.0 = Debug|Any CPU
		{A1F7C77F-4428-4101-BF11-D42F55D3806C}.Release|Any CPU.ActiveCfg = Release|Any CPU
		{A1F7C77F-4428-4101-BF11-D42F55D3806C}.Release|Any CPU.Build.0 = Release|Any CPU
		{25D8063A-0A22-459F-AD34-91B343CD9EAC}.Debug|Any CPU.ActiveCfg = Debug|Any CPU
		{25D8063A-0A22-459F-AD34-91B343CD9EAC}.Debug|Any CPU.Build.0 = Debug|Any CPU
		{25D8063A-0A22-459F-AD34-91B343CD9EAC}.Release|Any CPU.ActiveCfg = Release|Any CPU
		{25D8063A-0A22-459F-AD34-91B343CD9EAC}.Release|Any CPU.Build.0 = Release|Any CPU
	EndGlobalSection
	GlobalSection(SolutionProperties) = preSolution
		HideSolutionNode = FALSE
	EndGlobalSection
	GlobalSection(NestedProjects) = preSolution
		{035DE395-E6A4-4769-8FF3-E507039B8E16} = {02EA681E-C7D8-13C7-8484-4AC65E1B71E8}
		{7BBBE4C8-804A-4942-8F32-B0EB3E755833} = {E00E902B-99A5-4558-AD91-7EA2EC532C0D}
		{EA03233A-0EA9-43D8-8D02-45AAB9862A93} = {5773F019-B056-44DB-B816-F0544E8F93B4}
		{A1F7C77F-4428-4101-BF11-D42F55D3806C} = {DA179BDF-A259-4C2A-8579-969DB032EEA8}
		{25D8063A-0A22-459F-AD34-91B343CD9EAC} = {080D3B78-AFE2-4611-8892-5A3EC1F752FF}
		{059E3ED1-4AF6-4A91-9217-7635A2BA6ADD} = {02EA681E-C7D8-13C7-8484-4AC65E1B71E8}
		{EF66DB76-D795-4F61-BEDE-D63EA0A21150} = {02EA681E-C7D8-13C7-8484-4AC65E1B71E8}
		{5FB3C3D0-DB27-40AC-B732-E3872273367E} = {02EA681E-C7D8-13C7-8484-4AC65E1B71E8}
		{7CCB6289-5CE4-4443-9211-699EA43F47EB} = {5773F019-B056-44DB-B816-F0544E8F93B4}
		{E558CD84-3460-404D-8BFC-064E60D86E62} = {5773F019-B056-44DB-B816-F0544E8F93B4}
		{DF22CB46-215E-4919-9FD4-9D78EAFE20ED} = {E00E902B-99A5-4558-AD91-7EA2EC532C0D}
		{CBF7C264-096B-43A1-B0DA-41BF19C94F87} = {E00E902B-99A5-4558-AD91-7EA2EC532C0D}
		{572C07C4-3170-4EE8-ABD3-B52421F1C5B7} = {E00E902B-99A5-4558-AD91-7EA2EC532C0D}
		{0F80982A-FEEA-4DA7-BB39-776C5F28A4F2} = {E00E902B-99A5-4558-AD91-7EA2EC532C0D}
	EndGlobalSection
	GlobalSection(ExtensibilityGlobals) = postSolution
		SolutionGuid = {D0E5E3C9-4CCA-4989-A9A9-29F037930D27}
	EndGlobalSection
EndGlobal
